
Microsoft Visual Studio Solution File, Format Version 12.00
# Visual Studio Version 17
VisualStudioVersion = 17.11.35431.28
MinimumVisualStudioVersion = 10.0.40219.1
Project("{FAE04EC0-301F-11D3-BF4B-00C04F79EFBC}") = "ProjetJenkins", "ProjetJenkins\ProjetJenkins.csproj", "{2E4B6E8D-D200-4865-8C77-D4F222E49C31}"
EndProject
Project("{FAE04EC0-301F-11D3-BF4B-00C04F79EFBC}") = "TestUnitaire", "TestUnitaire\TestUnitaire.csproj", "{61738231-DFA9-489F-A64C-7D4AD39DA082}"
EndProject
Global
	GlobalSection(SolutionConfigurationPlatforms) = preSolution
		Debug|Any CPU = Debug|Any CPU
		Release|Any CPU = Release|Any CPU
	EndGlobalSection
	GlobalSection(ProjectConfigurationPlatforms) = postSolution
		{2E4B6E8D-D200-4865-8C77-D4F222E49C31}.Debug|Any CPU.ActiveCfg = Debug|Any CPU
		{2E4B6E8D-D200-4865-8C77-D4F222E49C31}.Debug|Any CPU.Build.0 = Debug|Any CPU
		{2E4B6E8D-D200-4865-8C77-D4F222E49C31}.Release|Any CPU.ActiveCfg = Release|Any CPU
		{2E4B6E8D-D200-4865-8C77-D4F222E49C31}.Release|Any CPU.Build.0 = Release|Any CPU
		{61738231-DFA9-489F-A64C-7D4AD39DA082}.Debug|Any CPU.ActiveCfg = Debug|Any CPU
		{61738231-DFA9-489F-A64C-7D4AD39DA082}.Debug|Any CPU.Build.0 = Debug|Any CPU
		{61738231-DFA9-489F-A64C-7D4AD39DA082}.Release|Any CPU.ActiveCfg = Release|Any CPU
		{61738231-DFA9-489F-A64C-7D4AD39DA082}.Release|Any CPU.Build.0 = Release|Any CPU
	EndGlobalSection
	GlobalSection(SolutionProperties) = preSolution
		HideSolutionNode = FALSE
	EndGlobalSection
	GlobalSection(ExtensibilityGlobals) = postSolution
		SolutionGuid = {9EC50A72-1467-474A-9D48-15F689D1D425}
	EndGlobalSection
EndGlobal
